
Microsoft Visual Studio Solution File, Format Version 12.00
# Visual Studio Version 17
VisualStudioVersion = 17.13.35818.85
MinimumVisualStudioVersion = 10.0.40219.1
Project("{FAE04EC0-301F-11D3-BF4B-00C04F79EFBC}") = "SimpleClock", "SimpleClock.csproj", "{504CB6C3-53B9-4561-AF86-8BEB4FAF3E4F}"
EndProject
Global
	GlobalSection(SolutionConfigurationPlatforms) = preSolution
		Debug|Any CPU = Debug|Any CPU
		Release|Any CPU = Release|Any CPU
		Resources|Any CPU = Resources|Any CPU
	EndGlobalSection
	GlobalSection(ProjectConfigurationPlatforms) = postSolution
		{504CB6C3-53B9-4561-AF86-8BEB4FAF3E4F}.Debug|Any CPU.ActiveCfg = Debug|Any CPU
		{504CB6C3-53B9-4561-AF86-8BEB4FAF3E4F}.Debug|Any CPU.Build.0 = Debug|Any CPU
		{504CB6C3-53B9-4561-AF86-8BEB4FAF3E4F}.Release|Any CPU.ActiveCfg = Release|Any CPU
		{504CB6C3-53B9-4561-AF86-8BEB4FAF3E4F}.Release|Any CPU.Build.0 = Release|Any CPU
		{504CB6C3-53B9-4561-AF86-8BEB4FAF3E4F}.Resources|Any CPU.ActiveCfg = Resources|Any CPU
		{504CB6C3-53B9-4561-AF86-8BEB4FAF3E4F}.Resources|Any CPU.Build.0 = Resources|Any CPU
	EndGlobalSection
	GlobalSection(SolutionProperties) = preSolution
		HideSolutionNode = FALSE
	EndGlobalSection
	GlobalSection(ExtensibilityGlobals) = postSolution
		SolutionGuid = {83AC87A4-26C9-46A7-A335-21B559CCA2F0}
	EndGlobalSection
EndGlobal
